github.com/duckylabs/data-structures-and-algorithms/data_structures/go/single_linked_list v0.0.0-20230531002059-aacbc6fc6a80 h1:yGdBmAbrKK51xGZt/dKbQLAookoRvqQBARLICHNx7Os=
github.com/duckylabs/data-structures-and-algorithms/data_structures/go/single_linked_list v0.0.0-20230531002059-aacbc6fc6a80/go.mod h1:OwR5DbjESsSFMlx5PAJv9DO2N7/J0Xd0OguxAvufdZk=
